
Microsoft Visual Studio Solution File, Format Version 12.00
# Visual Studio Version 17
VisualStudioVersion = 17.5.33530.505
MinimumVisualStudioVersion = 10.0.40219.1
Project("{9A19103F-16F7-4668-BE54-9A1E7A4F7556}") = "WPF_UI", "PRN221_ASM_01_SE160111\WPF_UI.csproj", "{B9066AA9-3563-473B-9241-749188B7F7E9}"
EndProject
Project("{9A19103F-16F7-4668-BE54-9A1E7A4F7556}") = "WPF_BO", "WPF_BO\WPF_BO.csproj", "{DE863479-B0F4-451A-A9BB-EDB0690990A2}"
EndProject
Project("{9A19103F-16F7-4668-BE54-9A1E7A4F7556}") = "WPF_DAO", "WPF_DAO\WPF_DAO.csproj", "{A19EFC1C-CEEC-4A59-8A32-D1895BA2AFE8}"
EndProject
Project("{9A19103F-16F7-4668-BE54-9A1E7A4F7556}") = "WPF_Repository", "WPF_Repository\WPF_Repository.csproj", "{4061D51C-4898-4D32-BE37-7FB4F742498E}"
EndProject
Project("{9A19103F-16F7-4668-BE54-9A1E7A4F7556}") = "WPF_Service", "WPF_Service\WPF_Service.csproj", "{4339BA01-585E-4E51-A275-395DE9C1A699}"
EndProject
Global
	GlobalSection(SolutionConfigurationPlatforms) = preSolution
		Debug|Any CPU = Debug|Any CPU
		Release|Any CPU = Release|Any CPU
	EndGlobalSection
	GlobalSection(ProjectConfigurationPlatforms) = postSolution
		{B9066AA9-3563-473B-9241-749188B7F7E9}.Debug|Any CPU.ActiveCfg = Debug|Any CPU
		{B9066AA9-3563-473B-9241-749188B7F7E9}.Debug|Any CPU.Build.0 = Debug|Any CPU
		{B9066AA9-3563-473B-9241-749188B7F7E9}.Release|Any CPU.ActiveCfg = Release|Any CPU
		{B9066AA9-3563-473B-9241-749188B7F7E9}.Release|Any CPU.Build.0 = Release|Any CPU
		{DE863479-B0F4-451A-A9BB-EDB0690990A2}.Debug|Any CPU.ActiveCfg = Debug|Any CPU
		{DE863479-B0F4-451A-A9BB-EDB0690990A2}.Debug|Any CPU.Build.0 = Debug|Any CPU
		{DE863479-B0F4-451A-A9BB-EDB0690990A2}.Release|Any CPU.ActiveCfg = Release|Any CPU
		{DE863479-B0F4-451A-A9BB-EDB0690990A2}.Release|Any CPU.Build.0 = Release|Any CPU
		{A19EFC1C-CEEC-4A59-8A32-D1895BA2AFE8}.Debug|Any CPU.ActiveCfg = Debug|Any CPU
		{A19EFC1C-CEEC-4A59-8A32-D1895BA2AFE8}.Debug|Any CPU.Build.0 = Debug|Any CPU
		{A19EFC1C-CEEC-4A59-8A32-D1895BA2AFE8}.Release|Any CPU.ActiveCfg = Release|Any CPU
		{A19EFC1C-CEEC-4A59-8A32-D1895BA2AFE8}.Release|Any CPU.Build.0 = Release|Any CPU
		{4061D51C-4898-4D32-BE37-7FB4F742498E}.Debug|Any CPU.ActiveCfg = Debug|Any CPU
		{4061D51C-4898-4D32-BE37-7FB4F742498E}.Debug|Any CPU.Build.0 = Debug|Any CPU
		{4061D51C-4898-4D32-BE37-7FB4F742498E}.Release|Any CPU.ActiveCfg = Release|Any CPU
		{4061D51C-4898-4D32-BE37-7FB4F742498E}.Release|Any CPU.Build.0 = Release|Any CPU
		{4339BA01-585E-4E51-A275-395DE9C1A699}.Debug|Any CPU.ActiveCfg = Debug|Any CPU
		{4339BA01-585E-4E51-A275-395DE9C1A699}.Debug|Any CPU.Build.0 = Debug|Any CPU
		{4339BA01-585E-4E51-A275-395DE9C1A699}.Release|Any CPU.ActiveCfg = Release|Any CPU
		{4339BA01-585E-4E51-A275-395DE9C1A699}.Release|Any CPU.Build.0 = Release|Any CPU
	EndGlobalSection
	GlobalSection(SolutionProperties) = preSolution
		HideSolutionNode = FALSE
	EndGlobalSection
	GlobalSection(ExtensibilityGlobals) = postSolution
		SolutionGuid = {3C62377B-7F00-496D-817C-3EEA1DC8FF76}
	EndGlobalSection
EndGlobal
