
Microsoft Visual Studio Solution File, Format Version 12.00
# Visual Studio Version 17
VisualStudioVersion = 17.5.33530.505
MinimumVisualStudioVersion = 10.0.40219.1
Project("{9A19103F-16F7-4668-BE54-9A1E7A4F7556}") = "BusinessObjects", "BusinessObjects\BusinessObjects.csproj", "{D5C81640-32C3-44BA-BB24-88A77AC92571}"
EndProject
Project("{9A19103F-16F7-4668-BE54-9A1E7A4F7556}") = "DataAccessObjects", "DataAccessProjects\DataAccessObjects.csproj", "{94AE0582-0FBA-459A-80E1-D7014152F54D}"
EndProject
Project("{9A19103F-16F7-4668-BE54-9A1E7A4F7556}") = "Repositories", "Repositories\Repositories.csproj", "{97D7792C-ABB2-434C-B3F7-004FED2DCF5E}"
EndProject
Project("{9A19103F-16F7-4668-BE54-9A1E7A4F7556}") = "SaleManagementWinApp", "SaleManagementWinApp\SaleManagementWinApp.csproj", "{1CAA2D90-15AD-4AB2-BF92-78CE1BDA0D61}"
EndProject
Global
	GlobalSection(SolutionConfigurationPlatforms) = preSolution
		Debug|Any CPU = Debug|Any CPU
		Release|Any CPU = Release|Any CPU
	EndGlobalSection
	GlobalSection(ProjectConfigurationPlatforms) = postSolution
		{D5C81640-32C3-44BA-BB24-88A77AC92571}.Debug|Any CPU.ActiveCfg = Debug|Any CPU
		{D5C81640-32C3-44BA-BB24-88A77AC92571}.Debug|Any CPU.Build.0 = Debug|Any CPU
		{D5C81640-32C3-44BA-BB24-88A77AC92571}.Release|Any CPU.ActiveCfg = Release|Any CPU
		{D5C81640-32C3-44BA-BB24-88A77AC92571}.Release|Any CPU.Build.0 = Release|Any CPU
		{94AE0582-0FBA-459A-80E1-D7014152F54D}.Debug|Any CPU.ActiveCfg = Debug|Any CPU
		{94AE0582-0FBA-459A-80E1-D7014152F54D}.Debug|Any CPU.Build.0 = Debug|Any CPU
		{94AE0582-0FBA-459A-80E1-D7014152F54D}.Release|Any CPU.ActiveCfg = Release|Any CPU
		{94AE0582-0FBA-459A-80E1-D7014152F54D}.Release|Any CPU.Build.0 = Release|Any CPU
		{97D7792C-ABB2-434C-B3F7-004FED2DCF5E}.Debug|Any CPU.ActiveCfg = Debug|Any CPU
		{97D7792C-ABB2-434C-B3F7-004FED2DCF5E}.Debug|Any CPU.Build.0 = Debug|Any CPU
		{97D7792C-ABB2-434C-B3F7-004FED2DCF5E}.Release|Any CPU.ActiveCfg = Release|Any CPU
		{97D7792C-ABB2-434C-B3F7-004FED2DCF5E}.Release|Any CPU.Build.0 = Release|Any CPU
		{1CAA2D90-15AD-4AB2-BF92-78CE1BDA0D61}.Debug|Any CPU.ActiveCfg = Debug|Any CPU
		{1CAA2D90-15AD-4AB2-BF92-78CE1BDA0D61}.Debug|Any CPU.Build.0 = Debug|Any CPU
		{1CAA2D90-15AD-4AB2-BF92-78CE1BDA0D61}.Release|Any CPU.ActiveCfg = Release|Any CPU
		{1CAA2D90-15AD-4AB2-BF92-78CE1BDA0D61}.Release|Any CPU.Build.0 = Release|Any CPU
	EndGlobalSection
	GlobalSection(SolutionProperties) = preSolution
		HideSolutionNode = FALSE
	EndGlobalSection
	GlobalSection(ExtensibilityGlobals) = postSolution
		SolutionGuid = {6D1A1CFE-316C-407D-BA87-BD51A710E620}
	EndGlobalSection
EndGlobal
